# This file is autogenerated, do not edit; changes may be undone by the next 'dep ensure'.


[[projects]]
  branch = "master"
  name = "github.com/belovai/goopenweathermapapi"
  packages = ["."]
  revision = "92aff1060e25ede5a92a5b44dbdf05be98426fba"

[[projects]]
  branch = "master"
  name = "github.com/fnproject/fdk-go"
  packages = ["."]
  revision = "225736950b1c233d370a4c97cd4633f2198deec9"

[solve-meta]
  analyzer-name = "dep"
  analyzer-version = 1
  inputs-digest = "2832dde9c55c9c52357ae3f80ac79d99bd61930f88a1fb80de9f5670af09e5f1"
  solver-name = "gps-cdcl"
  solver-version = 1
